
Microsoft Visual Studio Solution File, Format Version 12.00
# Visual Studio Version 17
VisualStudioVersion = 17.5.33414.496
MinimumVisualStudioVersion = 10.0.40219.1
Project("{9A19103F-16F7-4668-BE54-9A1E7A4F7556}") = "SCPSL ModPatch", "SCPSL ModPatch\SCPSL ModPatch.csproj", "{19645BD1-FF72-4AC0-BCD4-94247E41742B}"
EndProject
Global
	GlobalSection(SolutionConfigurationPlatforms) = preSolution
		Debug|Any CPU = Debug|Any CPU
		Debug|x86 = Debug|x86
		Release|Any CPU = Release|Any CPU
		Release|x86 = Release|x86
	EndGlobalSection
	GlobalSection(ProjectConfigurationPlatforms) = postSolution
		{19645BD1-FF72-4AC0-BCD4-94247E41742B}.Debug|Any CPU.ActiveCfg = Debug|Any CPU
		{19645BD1-FF72-4AC0-BCD4-94247E41742B}.Debug|Any CPU.Build.0 = Debug|Any CPU
		{19645BD1-FF72-4AC0-BCD4-94247E41742B}.Debug|x86.ActiveCfg = Debug|x86
		{19645BD1-FF72-4AC0-BCD4-94247E41742B}.Debug|x86.Build.0 = Debug|x86
		{19645BD1-FF72-4AC0-BCD4-94247E41742B}.Release|Any CPU.ActiveCfg = Release|Any CPU
		{19645BD1-FF72-4AC0-BCD4-94247E41742B}.Release|Any CPU.Build.0 = Release|Any CPU
		{19645BD1-FF72-4AC0-BCD4-94247E41742B}.Release|x86.ActiveCfg = Release|x86
		{19645BD1-FF72-4AC0-BCD4-94247E41742B}.Release|x86.Build.0 = Release|x86
	EndGlobalSection
	GlobalSection(SolutionProperties) = preSolution
		HideSolutionNode = FALSE
	EndGlobalSection
	GlobalSection(ExtensibilityGlobals) = postSolution
		SolutionGuid = {6630E7BB-623E-4E56-9E97-D13C00B92B4B}
	EndGlobalSection
EndGlobal
